PODS:
  - desktop_drop (0.0.1):
    - FlutterMacOS
  - desktop_window (0.0.1):
    - FlutterMacOS
  - FlutterMacOS (1.0.0)

DEPENDENCIES:
  - desktop_drop (from `Flutter/ephemeral/.symlinks/plugins/desktop_drop/macos`)
  - desktop_window (from `Flutter/ephemeral/.symlinks/plugins/desktop_window/macos`)
  - FlutterMacOS (from `Flutter/ephemeral`)

EXTERNAL SOURCES:
  desktop_drop:
    :path: Flutter/ephemeral/.symlinks/plugins/desktop_drop/macos
  desktop_window:
    :path: Flutter/ephemeral/.symlinks/plugins/desktop_window/macos
  FlutterMacOS:
    :path: Flutter/ephemeral

SPEC CHECKSUMS:
  desktop_drop: e0b672a7d84c0a6cbc378595e82cdb15f2970a43
  desktop_window: de6acd6053564bdccd9f4b9473d25bf4f2ad9bdf
  FlutterMacOS: c232990155153907050900a2e175c7773903ba4e

PODFILE CHECKSUM: 1e95c36afbfd1cb6423ceca4de7a8e1b256fb6ac

COCOAPODS: 1.17.0
